
Microsoft Visual Studio Solution File, Format Version 12.00
# Visual Studio 15
VisualStudioVersion = 15.0.27130.2036
MinimumVisualStudioVersion = 10.0.40219.1
Project("{FAE04EC0-301F-11D3-BF4B-00C04F79EFBC}") = "PhoneFixer-ExamProject", "PhoneFixer-ExamProject\PhoneFixer-ExamProject.csproj", "{0243490B-E080-4346-A647-F1B8A7C6F411}"
EndProject
Global
	GlobalSection(SolutionConfigurationPlatforms) = preSolution
		Debug|Any CPU = Debug|Any CPU
		Release|Any CPU = Release|Any CPU
	EndGlobalSection
	GlobalSection(ProjectConfigurationPlatforms) = postSolution
		{0243490B-E080-4346-A647-F1B8A7C6F411}.Debug|Any CPU.ActiveCfg = Debug|Any CPU
		{0243490B-E080-4346-A647-F1B8A7C6F411}.Debug|Any CPU.Build.0 = Debug|Any CPU
		{0243490B-E080-4346-A647-F1B8A7C6F411}.Release|Any CPU.ActiveCfg = Release|Any CPU
		{0243490B-E080-4346-A647-F1B8A7C6F411}.Release|Any CPU.Build.0 = Release|Any CPU
	EndGlobalSection
	GlobalSection(SolutionProperties) = preSolution
		HideSolutionNode = FALSE
	EndGlobalSection
	GlobalSection(ExtensibilityGlobals) = postSolution
		SolutionGuid = {9FD8EF4C-1389-47AF-8689-51183CE1F516}
	EndGlobalSection
EndGlobal
